dependencies:
- name: postgis
  repository: https://kartoza.github.io/charts
  version: 0.2.4
- name: geoserver
  repository: https://statcan.github.io/charts
  version: 0.0.1
- name: rabbitmq
  repository: https://charts.bitnami.com/bitnami
  version: 1.1.9
digest: sha256:59a754d57ce574d05bed1eb6c35af6ec1a0e678d82133158f86571eae0f81f27
generated: "2021-10-18T16:24:17.192528582-04:00"
